
Microsoft Visual Studio Solution File, Format Version 12.00
# Visual Studio Version 17
VisualStudioVersion = 17.1.32228.430
MinimumVisualStudioVersion = 10.0.40219.1
Project("{FAE04EC0-301F-11D3-BF4B-00C04F79EFBC}") = "Formularz", "Formularz\Formularz.csproj", "{28C80508-26E8-439A-B8EB-FC26D5442540}"
EndProject
Global
	GlobalSection(SolutionConfigurationPlatforms) = preSolution
		Debug|Any CPU = Debug|Any CPU
		Release|Any CPU = Release|Any CPU
	EndGlobalSection
	GlobalSection(ProjectConfigurationPlatforms) = postSolution
		{28C80508-26E8-439A-B8EB-FC26D5442540}.Debug|Any CPU.ActiveCfg = Debug|Any CPU
		{28C80508-26E8-439A-B8EB-FC26D5442540}.Debug|Any CPU.Build.0 = Debug|Any CPU
		{28C80508-26E8-439A-B8EB-FC26D5442540}.Release|Any CPU.ActiveCfg = Release|Any CPU
		{28C80508-26E8-439A-B8EB-FC26D5442540}.Release|Any CPU.Build.0 = Release|Any CPU
	EndGlobalSection
	GlobalSection(SolutionProperties) = preSolution
		HideSolutionNode = FALSE
	EndGlobalSection
	GlobalSection(ExtensibilityGlobals) = postSolution
		SolutionGuid = {B375F2EF-A56F-40D4-B019-34B71A30736E}
	EndGlobalSection
EndGlobal
